
Microsoft Visual Studio Solution File, Format Version 12.00
# Visual Studio Version 16
VisualStudioVersion = 16.0.31702.278
MinimumVisualStudioVersion = 10.0.40219.1
Project("{FAE04EC0-301F-11D3-BF4B-00C04F79EFBC}") = "Home_Media_Player", "Home_Media_Player\Home_Media_Player.csproj", "{122734A0-A890-4654-B274-E1BAA2076817}"
	ProjectSection(ProjectDependencies) = postProject
		{F9049CBC-12FC-44C1-A7FB-43885A57E883} = {F9049CBC-12FC-44C1-A7FB-43885A57E883}
	EndProjectSection
EndProject
Project("{FAE04EC0-301F-11D3-BF4B-00C04F79EFBC}") = "BussinessLayer", "BussinessLayer\BussinessLayer.csproj", "{F9049CBC-12FC-44C1-A7FB-43885A57E883}"
	ProjectSection(ProjectDependencies) = postProject
		{FFBA32C0-BD33-4A63-BC5B-A2388955560D} = {FFBA32C0-BD33-4A63-BC5B-A2388955560D}
	EndProjectSection
EndProject
Project("{FAE04EC0-301F-11D3-BF4B-00C04F79EFBC}") = "DAL", "DAL\DAL.csproj", "{FFBA32C0-BD33-4A63-BC5B-A2388955560D}"
EndProject
Project("{FAE04EC0-301F-11D3-BF4B-00C04F79EFBC}") = "Home_Medya_Player_Test", "Home_Medya_Player_Test\Home_Medya_Player_Test.csproj", "{1BF6AFCB-728B-4113-8E3A-5D5DFD2AD0B5}"
EndProject
Global
	GlobalSection(SolutionConfigurationPlatforms) = preSolution
		Debug|Any CPU = Debug|Any CPU
		Release|Any CPU = Release|Any CPU
	EndGlobalSection
	GlobalSection(ProjectConfigurationPlatforms) = postSolution
		{122734A0-A890-4654-B274-E1BAA2076817}.Debug|Any CPU.ActiveCfg = Debug|Any CPU
		{122734A0-A890-4654-B274-E1BAA2076817}.Debug|Any CPU.Build.0 = Debug|Any CPU
		{122734A0-A890-4654-B274-E1BAA2076817}.Release|Any CPU.ActiveCfg = Release|Any CPU
		{122734A0-A890-4654-B274-E1BAA2076817}.Release|Any CPU.Build.0 = Release|Any CPU
		{F9049CBC-12FC-44C1-A7FB-43885A57E883}.Debug|Any CPU.ActiveCfg = Debug|Any CPU
		{F9049CBC-12FC-44C1-A7FB-43885A57E883}.Debug|Any CPU.Build.0 = Debug|Any CPU
		{F9049CBC-12FC-44C1-A7FB-43885A57E883}.Release|Any CPU.ActiveCfg = Release|Any CPU
		{F9049CBC-12FC-44C1-A7FB-43885A57E883}.Release|Any CPU.Build.0 = Release|Any CPU
		{FFBA32C0-BD33-4A63-BC5B-A2388955560D}.Debug|Any CPU.ActiveCfg = Debug|Any CPU
		{FFBA32C0-BD33-4A63-BC5B-A2388955560D}.Debug|Any CPU.Build.0 = Debug|Any CPU
		{FFBA32C0-BD33-4A63-BC5B-A2388955560D}.Release|Any CPU.ActiveCfg = Release|Any CPU
		{FFBA32C0-BD33-4A63-BC5B-A2388955560D}.Release|Any CPU.Build.0 = Release|Any CPU
		{1BF6AFCB-728B-4113-8E3A-5D5DFD2AD0B5}.Debug|Any CPU.ActiveCfg = Debug|Any CPU
		{1BF6AFCB-728B-4113-8E3A-5D5DFD2AD0B5}.Debug|Any CPU.Build.0 = Debug|Any CPU
		{1BF6AFCB-728B-4113-8E3A-5D5DFD2AD0B5}.Release|Any CPU.ActiveCfg = Release|Any CPU
		{1BF6AFCB-728B-4113-8E3A-5D5DFD2AD0B5}.Release|Any CPU.Build.0 = Release|Any CPU
	EndGlobalSection
	GlobalSection(SolutionProperties) = preSolution
		HideSolutionNode = FALSE
	EndGlobalSection
	GlobalSection(ExtensibilityGlobals) = postSolution
		SolutionGuid = {07758006-1B88-4150-8571-BA27A8FC56E3}
	EndGlobalSection
EndGlobal
